// !$*UTF8*$!
{
	archiveVersion = 1;
	classes = {
	};
	objectVersion = 50;
	objects = {

/* Begin PBXBuildFile section */
		262A3D3321E6F8A700F6B470 /* AppDelegate.swift in Sources */ = {isa = PBXBuildFile; fileRef = 262A3D3221E6F8A700F6B470 /* AppDelegate.swift */; };
		262A3D3821E6F8A700F6B470 /* Main.storyboard in Resources */ = {isa = PBXBuildFile; fileRef = 262A3D3621E6F8A700F6B470 /* Main.storyboard */; };
		262A3D3A21E6F8A800F6B470 /* Assets.xcassets in Resources */ = {isa = PBXBuildFile; fileRef = 262A3D3921E6F8A800F6B470 /* Assets.xcassets */; };
		262A3D3D21E6F8A800F6B470 /* LaunchScreen.storyboard in Resources */ = {isa = PBXBuildFile; fileRef = 262A3D3B21E6F8A800F6B470 /* LaunchScreen.storyboard */; };
		264DCF3321F2324D009A8DF5 /* FMResultSet.m in Sources */ = {isa = PBXBuildFile; fileRef = 264DCF2821F2324A009A8DF5 /* FMResultSet.m */; };
		264DCF3421F2324D009A8DF5 /* FMDatabaseAdditions.m in Sources */ = {isa = PBXBuildFile; fileRef = 264DCF2A21F2324B009A8DF5 /* FMDatabaseAdditions.m */; };
		264DCF3521F2324D009A8DF5 /* FMDatabaseQueue.m in Sources */ = {isa = PBXBuildFile; fileRef = 264DCF2B21F2324B009A8DF5 /* FMDatabaseQueue.m */; };
		264DCF3621F2324D009A8DF5 /* FMDatabase.m in Sources */ = {isa = PBXBuildFile; fileRef = 264DCF2D21F2324C009A8DF5 /* FMDatabase.m */; };
		264DCF3721F2324D009A8DF5 /* FMDatabasePool.m in Sources */ = {isa = PBXBuildFile; fileRef = 264DCF3221F2324C009A8DF5 /* FMDatabasePool.m */; };
		264DCF3921F2550E009A8DF5 /* IMDBViewController.swift in Sources */ = {isa = PBXBuildFile; fileRef = 264DCF3821F2550E009A8DF5 /* IMDBViewController.swift */; };
		264DCF3B21F25529009A8DF5 /* RecommendationsViewController.swift in Sources */ = {isa = PBXBuildFile; fileRef = 264DCF3A21F25529009A8DF5 /* RecommendationsViewController.swift */; };
		264DCF3D21F25541009A8DF5 /* OverviewViewController.swift in Sources */ = {isa = PBXBuildFile; fileRef = 264DCF3C21F25541009A8DF5 /* OverviewViewController.swift */; };
		264DCF3F21F2555F009A8DF5 /* DetailedViewController.swift in Sources */ = {isa = PBXBuildFile; fileRef = 264DCF3E21F2555F009A8DF5 /* DetailedViewController.swift */; };
		264DCF4121F25580009A8DF5 /* FavoritesViewController.swift in Sources */ = {isa = PBXBuildFile; fileRef = 264DCF4021F25580009A8DF5 /* FavoritesViewController.swift */; };
		264DCF4321F255A6009A8DF5 /* SearchViewController.swift in Sources */ = {isa = PBXBuildFile; fileRef = 264DCF4221F255A6009A8DF5 /* SearchViewController.swift */; };
		264DCF4521F255CD009A8DF5 /* PopularViewController.swift in Sources */ = {isa = PBXBuildFile; fileRef = 264DCF4421F255CD009A8DF5 /* PopularViewController.swift */; };
		264DCF4721F255E4009A8DF5 /* OverviewLabel.swift in Sources */ = {isa = PBXBuildFile; fileRef = 264DCF4621F255E4009A8DF5 /* OverviewLabel.swift */; };
		264DCF4921F255FB009A8DF5 /* MovieViewCell.swift in Sources */ = {isa = PBXBuildFile; fileRef = 264DCF4821F255FB009A8DF5 /* MovieViewCell.swift */; };
		264DCF4B21F25614009A8DF5 /* FavoritesDB.swift in Sources */ = {isa = PBXBuildFile; fileRef = 264DCF4A21F25614009A8DF5 /* FavoritesDB.swift */; };
		264DCF4D21F25622009A8DF5 /* MyJsonDecoder.swift in Sources */ = {isa = PBXBuildFile; fileRef = 264DCF4C21F25621009A8DF5 /* MyJsonDecoder.swift */; };
		264DCF4F21F25632009A8DF5 /* Functions.swift in Sources */ = {isa = PBXBuildFile; fileRef = 264DCF4E21F25632009A8DF5 /* Functions.swift */; };
		264DCF5121F25645009A8DF5 /* APIResults.swift in Sources */ = {isa = PBXBuildFile; fileRef = 264DCF5021F25645009A8DF5 /* APIResults.swift */; };
/* End PBXBuildFile section */

/* Begin PBXFileReference section */
		262A3D2F21E6F8A700F6B470 /* MovieSearch.app */ = {isa = PBXFileReference; explicitFileType = wrapper.application; includeInIndex = 0; path = MovieSearch.app; sourceTree = BUILT_PRODUCTS_DIR; };
		262A3D3221E6F8A700F6B470 /* AppDelegate.swift */ = {isa = PBXFileReference; lastKnownFileType = sourcecode.swift; path = AppDelegate.swift; sourceTree = "<group>"; };
		262A3D3721E6F8A700F6B470 /* Base */ = {isa = PBXFileReference; lastKnownFileType = file.storyboard; name = Base; path = Base.lproj/Main.storyboard; sourceTree = "<group>"; };
		262A3D3921E6F8A800F6B470 /* Assets.xcassets */ = {isa = PBXFileReference; lastKnownFileType = folder.assetcatalog; path = Assets.xcassets; sourceTree = "<group>"; };
		262A3D3C21E6F8A800F6B470 /* Base */ = {isa = PBXFileReference; lastKnownFileType = file.storyboard; name = Base; path = Base.lproj/LaunchScreen.storyboard; sourceTree = "<group>"; };
		262A3D3E21E6F8A800F6B470 /* Info.plist */ = {isa = PBXFileReference; lastKnownFileType = text.plist.xml; path = Info.plist; sourceTree = "<group>"; };
		264DCF2621F23249009A8DF5 /* MovieSearch-Bridging-Header.h */ = {isa = PBXFileReference; lastKnownFileType = sourcecode.c.h; path = "MovieSearch-Bridging-Header.h"; sourceTree = "<group>"; };
		264DCF2721F2324A009A8DF5 /* FMDatabaseQueue.h */ = {isa = PBXFileReference; fileEncoding = 4; lastKnownFileType = sourcecode.c.h; path = FMDatabaseQueue.h; sourceTree = "<group>"; };
		264DCF2821F2324A009A8DF5 /* FMResultSet.m */ = {isa = PBXFileReference; fileEncoding = 4; lastKnownFileType = sourcecode.c.objc; path = FMResultSet.m; sourceTree = "<group>"; };
		264DCF2A21F2324B009A8DF5 /* FMDatabaseAdditions.m */ = {isa = PBXFileReference; fileEncoding = 4; lastKnownFileType = sourcecode.c.objc; path = FMDatabaseAdditions.m; sourceTree = "<group>"; };
		264DCF2B21F2324B009A8DF5 /* FMDatabaseQueue.m */ = {isa = PBXFileReference; fileEncoding = 4; lastKnownFileType = sourcecode.c.objc; path = FMDatabaseQueue.m; sourceTree = "<group>"; };
		264DCF2C21F2324B009A8DF5 /* FMDB.h */ = {isa = PBXFileReference; fileEncoding = 4; lastKnownFileType = sourcecode.c.h; path = FMDB.h; sourceTree = "<group>"; };
		264DCF2D21F2324C009A8DF5 /* FMDatabase.m */ = {isa = PBXFileReference; fileEncoding = 4; lastKnownFileType = sourcecode.c.objc; path = FMDatabase.m; sourceTree = "<group>"; };
		264DCF2E21F2324C009A8DF5 /* FMResultSet.h */ = {isa = PBXFileReference; fileEncoding = 4; lastKnownFileType = sourcecode.c.h; path = FMResultSet.h; sourceTree = "<group>"; };
		264DCF2F21F2324C009A8DF5 /* FMDatabaseAdditions.h */ = {isa = PBXFileReference; fileEncoding = 4; lastKnownFileType = sourcecode.c.h; path = FMDatabaseAdditions.h; sourceTree = "<group>"; };
		264DCF3021F2324C009A8DF5 /* FMDatabasePool.h */ = {isa = PBXFileReference; fileEncoding = 4; lastKnownFileType = sourcecode.c.h; path = FMDatabasePool.h; sourceTree = "<group>"; };
		264DCF3121F2324C009A8DF5 /* FMDatabase.h */ = {isa = PBXFileReference; fileEncoding = 4; lastKnownFileType = sourcecode.c.h; path = FMDatabase.h; sourceTree = "<group>"; };
		264DCF3221F2324C009A8DF5 /* FMDatabasePool.m */ = {isa = PBXFileReference; fileEncoding = 4; lastKnownFileType = sourcecode.c.objc; path = FMDatabasePool.m; sourceTree = "<group>"; };
		264DCF3821F2550E009A8DF5 /* IMDBViewController.swift */ = {isa = PBXFileReference; lastKnownFileType = sourcecode.swift; path = IMDBViewController.swift; sourceTree = "<group>"; };
		264DCF3A21F25529009A8DF5 /* RecommendationsViewController.swift */ = {isa = PBXFileReference; lastKnownFileType = sourcecode.swift; path = RecommendationsViewController.swift; sourceTree = "<group>"; };
		264DCF3C21F25541009A8DF5 /* OverviewViewController.swift */ = {isa = PBXFileReference; lastKnownFileType = sourcecode.swift; path = OverviewViewController.swift; sourceTree = "<group>"; };
		264DCF3E21F2555F009A8DF5 /* DetailedViewController.swift */ = {isa = PBXFileReference; lastKnownFileType = sourcecode.swift; path = DetailedViewController.swift; sourceTree = "<group>"; };
		264DCF4021F25580009A8DF5 /* FavoritesViewController.swift */ = {isa = PBXFileReference; lastKnownFileType = sourcecode.swift; path = FavoritesViewController.swift; sourceTree = "<group>"; };
		264DCF4221F255A6009A8DF5 /* SearchViewController.swift */ = {isa = PBXFileReference; lastKnownFileType = sourcecode.swift; path = SearchViewController.swift; sourceTree = "<group>"; };
		264DCF4421F255CD009A8DF5 /* PopularViewController.swift */ = {isa = PBXFileReference; lastKnownFileType = sourcecode.swift; path = PopularViewController.swift; sourceTree = "<group>"; };
		264DCF4621F255E4009A8DF5 /* OverviewLabel.swift */ = {isa = PBXFileReference; lastKnownFileType = sourcecode.swift; path = OverviewLabel.swift; sourceTree = "<group>"; };
		264DCF4821F255FB009A8DF5 /* MovieViewCell.swift */ = {isa = PBXFileReference; lastKnownFileType = sourcecode.swift; path = MovieViewCell.swift; sourceTree = "<group>"; };
		264DCF4A21F25614009A8DF5 /* FavoritesDB.swift */ = {isa = PBXFileReference; lastKnownFileType = sourcecode.swift; path = FavoritesDB.swift; sourceTree = "<group>"; };
		264DCF4C21F25621009A8DF5 /* MyJsonDecoder.swift */ = {isa = PBXFileReference; lastKnownFileType = sourcecode.swift; path = MyJsonDecoder.swift; sourceTree = "<group>"; };
		264DCF4E21F25632009A8DF5 /* Functions.swift */ = {isa = PBXFileReference; lastKnownFileType = sourcecode.swift; path = Functions.swift; sourceTree = "<group>"; };
		264DCF5021F25645009A8DF5 /* APIResults.swift */ = {isa = PBXFileReference; lastKnownFileType = sourcecode.swift; path = APIResults.swift; sourceTree = "<group>"; };
/* End PBXFileReference section */

/* Begin PBXFrameworksBuildPhase section */
		262A3D2C21E6F8A700F6B470 /* Frameworks */ = {
			isa = PBXFrameworksBuildPhase;
			buildActionMask = 2147483647;
			files = (
			);
			runOnlyForDeploymentPostprocessing = 0;
		};
/* End PBXFrameworksBuildPhase section */

/* Begin PBXGroup section */
		262A3D2621E6F8A700F6B470 = {
			isa = PBXGroup;
			children = (
				262A3D3121E6F8A700F6B470 /* MovieSearch */,
				262A3D3021E6F8A700F6B470 /* Products */,
			);
			sourceTree = "<group>";
		};
		262A3D3021E6F8A700F6B470 /* Products */ = {
			isa = PBXGroup;
			children = (
				262A3D2F21E6F8A700F6B470 /* MovieSearch.app */,
			);
			name = Products;
			sourceTree = "<group>";
		};
		262A3D3121E6F8A700F6B470 /* MovieSearch */ = {
			isa = PBXGroup;
			children = (
				262A3D3221E6F8A700F6B470 /* AppDelegate.swift */,
				264DCF5021F25645009A8DF5 /* APIResults.swift */,
				264DCF4E21F25632009A8DF5 /* Functions.swift */,
				264DCF4A21F25614009A8DF5 /* FavoritesDB.swift */,
				264DCF4821F255FB009A8DF5 /* MovieViewCell.swift */,
				264DCF4621F255E4009A8DF5 /* OverviewLabel.swift */,
				264DCF4C21F25621009A8DF5 /* MyJsonDecoder.swift */,
				264DCF4421F255CD009A8DF5 /* PopularViewController.swift */,
				264DCF4221F255A6009A8DF5 /* SearchViewController.swift */,
				264DCF3C21F25541009A8DF5 /* OverviewViewController.swift */,
				264DCF4021F25580009A8DF5 /* FavoritesViewController.swift */,
				264DCF3E21F2555F009A8DF5 /* DetailedViewController.swift */,
				264DCF3A21F25529009A8DF5 /* RecommendationsViewController.swift */,
				264DCF3821F2550E009A8DF5 /* IMDBViewController.swift */,
				264DCF3121F2324C009A8DF5 /* FMDatabase.h */,
				264DCF2D21F2324C009A8DF5 /* FMDatabase.m */,
				264DCF2F21F2324C009A8DF5 /* FMDatabaseAdditions.h */,
				264DCF2A21F2324B009A8DF5 /* FMDatabaseAdditions.m */,
				264DCF3021F2324C009A8DF5 /* FMDatabasePool.h */,
				264DCF3221F2324C009A8DF5 /* FMDatabasePool.m */,
				264DCF2721F2324A009A8DF5 /* FMDatabaseQueue.h */,
				264DCF2B21F2324B009A8DF5 /* FMDatabaseQueue.m */,
				264DCF2C21F2324B009A8DF5 /* FMDB.h */,
				264DCF2E21F2324C009A8DF5 /* FMResultSet.h */,
				264DCF2821F2324A009A8DF5 /* FMResultSet.m */,
				262A3D3621E6F8A700F6B470 /* Main.storyboard */,
				262A3D3921E6F8A800F6B470 /* Assets.xcassets */,
				262A3D3B21E6F8A800F6B470 /* LaunchScreen.storyboard */,
				262A3D3E21E6F8A800F6B470 /* Info.plist */,
				264DCF2621F23249009A8DF5 /* MovieSearch-Bridging-Header.h */,
			);
			path = MovieSearch;
			sourceTree = "<group>";
		};
/* End PBXGroup section */

/* Begin PBXNativeTarget section */
		262A3D2E21E6F8A700F6B470 /* MovieSearch */ = {
			isa = PBXNativeTarget;
			buildConfigurationList = 262A3D4121E6F8A800F6B470 /* Build configuration list for PBXNativeTarget "MovieSearch" */;
			buildPhases = (
				262A3D2B21E6F8A700F6B470 /* Sources */,
				262A3D2C21E6F8A700F6B470 /* Frameworks */,
				262A3D2D21E6F8A700F6B470 /* Resources */,
			);
			buildRules = (
			);
			dependencies = (
			);
			name = MovieSearch;
			productName = MovieSearch;
			productReference = 262A3D2F21E6F8A700F6B470 /* MovieSearch.app */;
			productType = "com.apple.product-type.application";
		};
/* End PBXNativeTarget section */

/* Begin PBXProject section */
		262A3D2721E6F8A700F6B470 /* Project object */ = {
			isa = PBXProject;
			attributes = {
				LastSwiftUpdateCheck = 1010;
				LastUpgradeCheck = 1010;
				ORGANIZATIONNAME = "Chengyue Gong";
				TargetAttributes = {
					262A3D2E21E6F8A700F6B470 = {
						CreatedOnToolsVersion = 10.1;
						LastSwiftMigration = 1010;
					};
				};
			};
			buildConfigurationList = 262A3D2A21E6F8A700F6B470 /* Build configuration list for PBXProject "MovieSearch" */;
			compatibilityVersion = "Xcode 9.3";
			developmentRegion = en;
			hasScannedForEncodings = 0;
			knownRegions = (
				en,
				Base,
			);
			mainGroup = 262A3D2621E6F8A700F6B470;
			productRefGroup = 262A3D3021E6F8A700F6B470 /* Products */;
			projectDirPath = "";
			projectRoot = "";
			targets = (
				262A3D2E21E6F8A700F6B470 /* MovieSearch */,
			);
		};
/* End PBXProject section */

/* Begin PBXResourcesBuildPhase section */
		262A3D2D21E6F8A700F6B470 /* Resources */ = {
			isa = PBXResourcesBuildPhase;
			buildActionMask = 2147483647;
			files = (
				262A3D3D21E6F8A800F6B470 /* LaunchScreen.storyboard in Resources */,
				262A3D3A21E6F8A800F6B470 /* Assets.xcassets in Resources */,
				262A3D3821E6F8A700F6B470 /* Main.storyboard in Resources */,
			);
			runOnlyForDeploymentPostprocessing = 0;
		};
/* End PBXResourcesBuildPhase section */

/* Begin PBXSourcesBuildPhase section */
		262A3D2B21E6F8A700F6B470 /* Sources */ = {
			isa = PBXSourcesBuildPhase;
			buildActionMask = 2147483647;
			files = (
				264DCF4D21F25622009A8DF5 /* MyJsonDecoder.swift in Sources */,
				264DCF3521F2324D009A8DF5 /* FMDatabaseQueue.m in Sources */,
				264DCF3321F2324D009A8DF5 /* FMResultSet.m in Sources */,
				264DCF4B21F25614009A8DF5 /* FavoritesDB.swift in Sources */,
				264DCF3F21F2555F009A8DF5 /* DetailedViewController.swift in Sources */,
				264DCF4521F255CD009A8DF5 /* PopularViewController.swift in Sources */,
				264DCF3621F2324D009A8DF5 /* FMDatabase.m in Sources */,
				264DCF3721F2324D009A8DF5 /* FMDatabasePool.m in Sources */,
				262A3D3321E6F8A700F6B470 /* AppDelegate.swift in Sources */,
				264DCF4721F255E4009A8DF5 /* OverviewLabel.swift in Sources */,
				264DCF4F21F25632009A8DF5 /* Functions.swift in Sources */,
				264DCF4921F255FB009A8DF5 /* MovieViewCell.swift in Sources */,
				264DCF3B21F25529009A8DF5 /* RecommendationsViewController.swift in Sources */,
				264DCF4321F255A6009A8DF5 /* SearchViewController.swift in Sources */,
				264DCF3D21F25541009A8DF5 /* OverviewViewController.swift in Sources */,
				264DCF3921F2550E009A8DF5 /* IMDBViewController.swift in Sources */,
				264DCF4121F25580009A8DF5 /* FavoritesViewController.swift in Sources */,
				264DCF3421F2324D009A8DF5 /* FMDatabaseAdditions.m in Sources */,
				264DCF5121F25645009A8DF5 /* APIResults.swift in Sources */,
			);
			runOnlyForDeploymentPostprocessing = 0;
		};
/* End PBXSourcesBuildPhase section */

/* Begin PBXVariantGroup section */
		262A3D3621E6F8A700F6B470 /* Main.storyboard */ = {
			isa = PBXVariantGroup;
			children = (
				262A3D3721E6F8A700F6B470 /* Base */,
			);
			name = Main.storyboard;
			sourceTree = "<group>";
		};
		262A3D3B21E6F8A800F6B470 /* LaunchScreen.storyboard */ = {
			isa = PBXVariantGroup;
			children = (
				262A3D3C21E6F8A800F6B470 /* Base */,
			);
			name = LaunchScreen.storyboard;
			sourceTree = "<group>";
		};
/* End PBXVariantGroup section */

/* Begin XCBuildConfiguration section */
		262A3D3F21E6F8A800F6B470 /* Debug */ = {
			isa = XCBuildConfiguration;
			buildSettings = {
				ALWAYS_SEARCH_USER_PATHS = NO;
				CLANG_ANALYZER_NONNULL = YES;
				CLANG_ANALYZER_NUMBER_OBJECT_CONVERSION = YES_AGGRESSIVE;
				CLANG_CXX_LANGUAGE_STANDARD = "gnu++14";
				CLANG_CXX_LIBRARY = "libc++";
				CLANG_ENABLE_MODULES = YES;
				CLANG_ENABLE_OBJC_ARC = YES;
				CLANG_ENABLE_OBJC_WEAK = YES;
				CLANG_WARN_BLOCK_CAPTURE_AUTORELEASING = YES;
				CLANG_WARN_BOOL_CONVERSION = YES;
				CLANG_WARN_COMMA = YES;
				CLANG_WARN_CONSTANT_CONVERSION = YES;
				CLANG_WARN_DEPRECATED_OBJC_IMPLEMENTATIONS = YES;
				CLANG_WARN_DIRECT_OBJC_ISA_USAGE = YES_ERROR;
				CLANG_WARN_DOCUMENTATION_COMMENTS = YES;
				CLANG_WARN_EMPTY_BODY = YES;
				CLANG_WARN_ENUM_CONVERSION = YES;
				CLANG_WARN_INFINITE_RECURSION = YES;
				CLANG_WARN_INT_CONVERSION = YES;
				CLANG_WARN_NON_LITERAL_NULL_CONVERSION = YES;
				CLANG_WARN_OBJC_IMPLICIT_RETAIN_SELF = YES;
				CLANG_WARN_OBJC_LITERAL_CONVERSION = YES;
				CLANG_WARN_OBJC_ROOT_CLASS = YES_ERROR;
				CLANG_WARN_RANGE_LOOP_ANALYSIS = YES;
				CLANG_WARN_STRICT_PROTOTYPES = YES;
				CLANG_WARN_SUSPICIOUS_MOVE = YES;
				CLANG_WARN_UNGUARDED_AVAILABILITY = YES_AGGRESSIVE;
				CLANG_WARN_UNREACHABLE_CODE = YES;
				CLANG_WARN__DUPLICATE_METHOD_MATCH = YES;
				CODE_SIGN_IDENTITY = "iPhone Developer";
				COPY_PHASE_STRIP = NO;
				DEBUG_INFORMATION_FORMAT = dwarf;
				ENABLE_STRICT_OBJC_MSGSEND = YES;
				ENABLE_TESTABILITY = YES;
				GCC_C_LANGUAGE_STANDARD = gnu11;
				GCC_DYNAMIC_NO_PIC = NO;
				GCC_NO_COMMON_BLOCKS = YES;
				GCC_OPTIMIZATION_LEVEL = 0;
				GCC_PREPROCESSOR_DEFINITIONS = (
					"DEBUG=1",
					"$(inherited)",
				);
				GCC_WARN_64_TO_32_BIT_CONVERSION = YES;
				GCC_WARN_ABOUT_RETURN_TYPE = YES_ERROR;
				GCC_WARN_UNDECLARED_SELECTOR = YES;
				GCC_WARN_UNINITIALIZED_AUTOS = YES_AGGRESSIVE;
				GCC_WARN_UNUSED_FUNCTION = YES;
				GCC_WARN_UNUSED_VARIABLE = YES;
				IPHONEOS_DEPLOYMENT_TARGET = 12.1;
				MTL_ENABLE_DEBUG_INFO = INCLUDE_SOURCE;
				MTL_FAST_MATH = YES;
				ONLY_ACTIVE_ARCH = YES;
				SDKROOT = iphoneos;
				SWIFT_ACTIVE_COMPILATION_CONDITIONS = DEBUG;
				SWIFT_OPTIMIZATION_LEVEL = "-Onone";
			};
			name = Debug;
		};
		262A3D4021E6F8A800F6B470 /* Release */ = {
			isa = XCBuildConfiguration;
			buildSettings = {
				ALWAYS_SEARCH_USER_PATHS = NO;
				CLANG_ANALYZER_NONNULL = YES;
				CLANG_ANALYZER_NUMBER_OBJECT_CONVERSION = YES_AGGRESSIVE;
				CLANG_CXX_LANGUAGE_STANDARD = "gnu++14";
				CLANG_CXX_LIBRARY = "libc++";
				CLANG_ENABLE_MODULES = YES;
				CLANG_ENABLE_OBJC_ARC = YES;
				CLANG_ENABLE_OBJC_WEAK = YES;
				CLANG_WARN_BLOCK_CAPTURE_AUTORELEASING = YES;
				CLANG_WARN_BOOL_CONVERSION = YES;
				CLANG_WARN_COMMA = YES;
				CLANG_WARN_CONSTANT_CONVERSION = YES;
				CLANG_WARN_DEPRECATED_OBJC_IMPLEMENTATIONS = YES;
				CLANG_WARN_DIRECT_OBJC_ISA_USAGE = YES_ERROR;
				CLANG_WARN_DOCUMENTATION_COMMENTS = YES;
				CLANG_WARN_EMPTY_BODY = YES;
				CLANG_WARN_ENUM_CONVERSION = YES;
				CLANG_WARN_INFINITE_RECURSION = YES;
				CLANG_WARN_INT_CONVERSION = YES;
				CLANG_WARN_NON_LITERAL_NULL_CONVERSION = YES;
				CLANG_WARN_OBJC_IMPLICIT_RETAIN_SELF = YES;
				CLANG_WARN_OBJC_LITERAL_CONVERSION = YES;
				CLANG_WARN_OBJC_ROOT_CLASS = YES_ERROR;
				CLANG_WARN_RANGE_LOOP_ANALYSIS = YES;
				CLANG_WARN_STRICT_PROTOTYPES = YES;
				CLANG_WARN_SUSPICIOUS_MOVE = YES;
				CLANG_WARN_UNGUARDED_AVAILABILITY = YES_AGGRESSIVE;
				CLANG_WARN_UNREACHABLE_CODE = YES;
				CLANG_WARN__DUPLICATE_METHOD_MATCH = YES;
				CODE_SIGN_IDENTITY = "iPhone Developer";
				COPY_PHASE_STRIP = NO;
				DEBUG_INFORMATION_FORMAT = "dwarf-with-dsym";
				ENABLE_NS_ASSERTIONS = NO;
				ENABLE_STRICT_OBJC_MSGSEND = YES;
				GCC_C_LANGUAGE_STANDARD = gnu11;
				GCC_NO_COMMON_BLOCKS = YES;
				GCC_WARN_64_TO_32_BIT_CONVERSION = YES;
				GCC_WARN_ABOUT_RETURN_TYPE = YES_ERROR;
				GCC_WARN_UNDECLARED_SELECTOR = YES;
				GCC_WARN_UNINITIALIZED_AUTOS = YES_AGGRESSIVE;
				GCC_WARN_UNUSED_FUNCTION = YES;
				GCC_WARN_UNUSED_VARIABLE = YES;
				IPHONEOS_DEPLOYMENT_TARGET = 12.1;
				MTL_ENABLE_DEBUG_INFO = NO;
				MTL_FAST_MATH = YES;
				SDKROOT = iphoneos;
				SWIFT_COMPILATION_MODE = wholemodule;
				SWIFT_OPTIMIZATION_LEVEL = "-O";
				VALIDATE_PRODUCT = YES;
			};
			name = Release;
		};
		262A3D4221E6F8A800F6B470 /* Debug */ = {
			isa = XCBuildConfiguration;
			buildSettings = {
				ASSETCATALOG_COMPILER_APPICON_NAME = AppIcon;
				CLANG_ENABLE_MODULES = YES;
				CODE_SIGN_STYLE = Automatic;
				DEVELOPMENT_TEAM = PYMXV64ACQ;
				INFOPLIST_FILE = MovieSearch/Info.plist;
				LD_RUNPATH_SEARCH_PATHS = (
					"$(inherited)",
					"@executable_path/Frameworks",
				);
				PRODUCT_BUNDLE_IDENTIFIER = "Chengyue-Gong.MovieSearch";
				PRODUCT_NAME = "$(TARGET_NAME)";
				SWIFT_OBJC_BRIDGING_HEADER = "MovieSearch/MovieSearch-Bridging-Header.h";
				SWIFT_OPTIMIZATION_LEVEL = "-Onone";
				SWIFT_VERSION = 4.2;
				TARGETED_DEVICE_FAMILY = "1,2";
			};
			name = Debug;
		};
		262A3D4321E6F8A800F6B470 /* Release */ = {
			isa = XCBuildConfiguration;
			buildSettings = {
				ASSETCATALOG_COMPILER_APPICON_NAME = AppIcon;
				CLANG_ENABLE_MODULES = YES;
				CODE_SIGN_STYLE = Automatic;
				DEVELOPMENT_TEAM = PYMXV64ACQ;
				INFOPLIST_FILE = MovieSearch/Info.plist;
				LD_RUNPATH_SEARCH_PATHS = (
					"$(inherited)",
					"@executable_path/Frameworks",
				);
				PRODUCT_BUNDLE_IDENTIFIER = "Chengyue-Gong.MovieSearch";
				PRODUCT_NAME = "$(TARGET_NAME)";
				SWIFT_OBJC_BRIDGING_HEADER = "MovieSearch/MovieSearch-Bridging-Header.h";
				SWIFT_VERSION = 4.2;
				TARGETED_DEVICE_FAMILY = "1,2";
			};
			name = Release;
		};
/* End XCBuildConfiguration section */

/* Begin XCConfigurationList section */
		262A3D2A21E6F8A700F6B470 /* Build configuration list for PBXProject "MovieSearch" */ = {
			isa = XCConfigurationList;
			buildConfigurations = (
				262A3D3F21E6F8A800F6B470 /* Debug */,
				262A3D4021E6F8A800F6B470 /* Release */,
			);
			defaultConfigurationIsVisible = 0;
			defaultConfigurationName = Release;
		};
		262A3D4121E6F8A800F6B470 /* Build configuration list for PBXNativeTarget "MovieSearch" */ = {
			isa = XCConfigurationList;
			buildConfigurations = (
				262A3D4221E6F8A800F6B470 /* Debug */,
				262A3D4321E6F8A800F6B470 /* Release */,
			);
			defaultConfigurationIsVisible = 0;
			defaultConfigurationName = Release;
		};
/* End XCConfigurationList section */
	};
	rootObject = 262A3D2721E6F8A700F6B470 /* Project object */;
}
